
Microsoft Visual Studio Solution File, Format Version 12.00
# Visual Studio Version 17
VisualStudioVersion = 17.8.34525.116
MinimumVisualStudioVersion = 10.0.40219.1
Project("{FAE04EC0-301F-11D3-BF4B-00C04F79EFBC}") = "BenchmarkLoops", "BenchmarkLoops.csproj", "{DBDAAA4B-8ED6-4759-AB32-73669AC6FB28}"
EndProject
Global
	GlobalSection(SolutionConfigurationPlatforms) = preSolution
		Debug|Any CPU = Debug|Any CPU
		Release|Any CPU = Release|Any CPU
	EndGlobalSection
	GlobalSection(ProjectConfigurationPlatforms) = postSolution
		{DBDAAA4B-8ED6-4759-AB32-73669AC6FB28}.Debug|Any CPU.ActiveCfg = Debug|Any CPU
		{DBDAAA4B-8ED6-4759-AB32-73669AC6FB28}.Debug|Any CPU.Build.0 = Debug|Any CPU
		{DBDAAA4B-8ED6-4759-AB32-73669AC6FB28}.Release|Any CPU.ActiveCfg = Release|Any CPU
		{DBDAAA4B-8ED6-4759-AB32-73669AC6FB28}.Release|Any CPU.Build.0 = Release|Any CPU
	EndGlobalSection
	GlobalSection(SolutionProperties) = preSolution
		HideSolutionNode = FALSE
	EndGlobalSection
	GlobalSection(ExtensibilityGlobals) = postSolution
		SolutionGuid = {E6DB109B-CB6D-4145-B026-55AD2B1EB898}
	EndGlobalSection
EndGlobal
